
Microsoft Visual Studio Solution File, Format Version 12.00
# Visual Studio Version 17
VisualStudioVersion = 17.5.002.0
MinimumVisualStudioVersion = 10.0.40219.1
Project("{2150E333-8FDC-42A3-9474-1A3956D46DE8}") = "shared", "shared", "{D78F9F4B-6511-48D6-B355-27900BC46D88}"
EndProject
Project("{2150E333-8FDC-42A3-9474-1A3956D46DE8}") = "scheduler", "scheduler", "{6185F6BD-22A7-4E6A-8B06-4295B5058CD4}"
EndProject
Project("{2150E333-8FDC-42A3-9474-1A3956D46DE8}") = "functions", "functions", "{1325F4C1-B72B-40E7-AC73-0EE52833DD31}"
EndProject
Project("{9A19103F-16F7-4668-BE54-9A1E7A4F7556}") = "GameServers.Scheduler", "shared\scheduler\functions\StartStopGameServers\GameServers.Scheduler.csproj", "{3EAA9441-1945-4803-8183-C792D6D56B86}"
EndProject
Global
	GlobalSection(SolutionConfigurationPlatforms) = preSolution
		Debug|Any CPU = Debug|Any CPU
		Release|Any CPU = Release|Any CPU
	EndGlobalSection
	GlobalSection(ProjectConfigurationPlatforms) = postSolution
		{3EAA9441-1945-4803-8183-C792D6D56B86}.Debug|Any CPU.ActiveCfg = Debug|Any CPU
		{3EAA9441-1945-4803-8183-C792D6D56B86}.Debug|Any CPU.Build.0 = Debug|Any CPU
		{3EAA9441-1945-4803-8183-C792D6D56B86}.Release|Any CPU.ActiveCfg = Release|Any CPU
		{3EAA9441-1945-4803-8183-C792D6D56B86}.Release|Any CPU.Build.0 = Release|Any CPU
	EndGlobalSection
	GlobalSection(SolutionProperties) = preSolution
		HideSolutionNode = FALSE
	EndGlobalSection
	GlobalSection(NestedProjects) = preSolution
		{6185F6BD-22A7-4E6A-8B06-4295B5058CD4} = {D78F9F4B-6511-48D6-B355-27900BC46D88}
		{1325F4C1-B72B-40E7-AC73-0EE52833DD31} = {6185F6BD-22A7-4E6A-8B06-4295B5058CD4}
		{3EAA9441-1945-4803-8183-C792D6D56B86} = {1325F4C1-B72B-40E7-AC73-0EE52833DD31}
	EndGlobalSection
	GlobalSection(ExtensibilityGlobals) = postSolution
		SolutionGuid = {71DD6A55-3704-4741-978B-61B3490911DE}
	EndGlobalSection
EndGlobal
