
Microsoft Visual Studio Solution File, Format Version 12.00
# Visual Studio Version 17
VisualStudioVersion = 17.0.31903.59
MinimumVisualStudioVersion = 10.0.40219.1
Project("{9A19103F-16F7-4668-BE54-9A1E7A4F7556}") = "GameServers.Scheduler", "StartStopContainers\GameServers.Scheduler.csproj", "{60D3E47A-F819-4904-9AC9-8EE899E44AA9}"
EndProject
Global
	GlobalSection(SolutionConfigurationPlatforms) = preSolution
		Debug|Any CPU = Debug|Any CPU
		Release|Any CPU = Release|Any CPU
	EndGlobalSection
	GlobalSection(ProjectConfigurationPlatforms) = postSolution
		{60D3E47A-F819-4904-9AC9-8EE899E44AA9}.Debug|Any CPU.ActiveCfg = Debug|Any CPU
		{60D3E47A-F819-4904-9AC9-8EE899E44AA9}.Debug|Any CPU.Build.0 = Debug|Any CPU
		{60D3E47A-F819-4904-9AC9-8EE899E44AA9}.Release|Any CPU.ActiveCfg = Release|Any CPU
		{60D3E47A-F819-4904-9AC9-8EE899E44AA9}.Release|Any CPU.Build.0 = Release|Any CPU
	EndGlobalSection
	GlobalSection(SolutionProperties) = preSolution
		HideSolutionNode = FALSE
	EndGlobalSection
	GlobalSection(ExtensibilityGlobals) = postSolution
		SolutionGuid = {95A33E64-E1FC-4B14-86EF-E67FF5A6162A}
	EndGlobalSection
EndGlobal
